
Microsoft Visual Studio Solution File, Format Version 12.00
# Visual Studio Version 17
VisualStudioVersion = 17.6.33829.357
MinimumVisualStudioVersion = 10.0.40219.1
Project("{FAE04EC0-301F-11D3-BF4B-00C04F79EFBC}") = "RockPaperScissor", "RockPaperScissor.csproj", "{25E078BC-BA19-4F38-9E06-352599CA4831}"
EndProject
Global
	GlobalSection(SolutionConfigurationPlatforms) = preSolution
		Debug|Any CPU = Debug|Any CPU
		Release|Any CPU = Release|Any CPU
	EndGlobalSection
	GlobalSection(ProjectConfigurationPlatforms) = postSolution
		{25E078BC-BA19-4F38-9E06-352599CA4831}.Debug|Any CPU.ActiveCfg = Debug|Any CPU
		{25E078BC-BA19-4F38-9E06-352599CA4831}.Debug|Any CPU.Build.0 = Debug|Any CPU
		{25E078BC-BA19-4F38-9E06-352599CA4831}.Release|Any CPU.ActiveCfg = Release|Any CPU
		{25E078BC-BA19-4F38-9E06-352599CA4831}.Release|Any CPU.Build.0 = Release|Any CPU
	EndGlobalSection
	GlobalSection(SolutionProperties) = preSolution
		HideSolutionNode = FALSE
	EndGlobalSection
	GlobalSection(ExtensibilityGlobals) = postSolution
		SolutionGuid = {E69995CD-ECF6-49DE-8A76-5D574BDB4A1C}
	EndGlobalSection
EndGlobal
